
Microsoft Visual Studio Solution File, Format Version 12.00
# Visual Studio Version 16
VisualStudioVersion = 16.0.29709.97
MinimumVisualStudioVersion = 10.0.40219.1
Project("{FAE04EC0-301F-11D3-BF4B-00C04F79EFBC}") = "hw6", "hw6.csproj", "{23DA0365-E59A-4358-B9C7-3DD6B64023BD}"
EndProject
Global
	GlobalSection(SolutionConfigurationPlatforms) = preSolution
		Debug|Any CPU = Debug|Any CPU
		Release|Any CPU = Release|Any CPU
	EndGlobalSection
	GlobalSection(ProjectConfigurationPlatforms) = postSolution
		{23DA0365-E59A-4358-B9C7-3DD6B64023BD}.Debug|Any CPU.ActiveCfg = Debug|Any CPU
		{23DA0365-E59A-4358-B9C7-3DD6B64023BD}.Debug|Any CPU.Build.0 = Debug|Any CPU
		{23DA0365-E59A-4358-B9C7-3DD6B64023BD}.Release|Any CPU.ActiveCfg = Release|Any CPU
		{23DA0365-E59A-4358-B9C7-3DD6B64023BD}.Release|Any CPU.Build.0 = Release|Any CPU
	EndGlobalSection
	GlobalSection(SolutionProperties) = preSolution
		HideSolutionNode = FALSE
	EndGlobalSection
	GlobalSection(ExtensibilityGlobals) = postSolution
		SolutionGuid = {062B8A7F-5D99-436C-A317-8A6221EB4540}
	EndGlobalSection
EndGlobal
