
Microsoft Visual Studio Solution File, Format Version 12.00
# Visual Studio Version 16
VisualStudioVersion = 16.0.29709.97
MinimumVisualStudioVersion = 10.0.40219.1
Project("{FAE04EC0-301F-11D3-BF4B-00C04F79EFBC}") = "week1_hw2", "week1_hw2.csproj", "{594FA9EF-C61C-432E-AA47-0B1604ED4D3F}"
EndProject
Global
	GlobalSection(SolutionConfigurationPlatforms) = preSolution
		Debug|Any CPU = Debug|Any CPU
		Release|Any CPU = Release|Any CPU
	EndGlobalSection
	GlobalSection(ProjectConfigurationPlatforms) = postSolution
		{594FA9EF-C61C-432E-AA47-0B1604ED4D3F}.Debug|Any CPU.ActiveCfg = Debug|Any CPU
		{594FA9EF-C61C-432E-AA47-0B1604ED4D3F}.Debug|Any CPU.Build.0 = Debug|Any CPU
		{594FA9EF-C61C-432E-AA47-0B1604ED4D3F}.Release|Any CPU.ActiveCfg = Release|Any CPU
		{594FA9EF-C61C-432E-AA47-0B1604ED4D3F}.Release|Any CPU.Build.0 = Release|Any CPU
	EndGlobalSection
	GlobalSection(SolutionProperties) = preSolution
		HideSolutionNode = FALSE
	EndGlobalSection
	GlobalSection(ExtensibilityGlobals) = postSolution
		SolutionGuid = {7667ABCB-1763-4F40-B3C5-9161CD8389AA}
	EndGlobalSection
EndGlobal
