
Microsoft Visual Studio Solution File, Format Version 12.00
# Visual Studio Version 16
VisualStudioVersion = 16.0.29709.97
MinimumVisualStudioVersion = 10.0.40219.1
Project("{FAE04EC0-301F-11D3-BF4B-00C04F79EFBC}") = "Exam2Q1Main", "Exam2Q1Main.csproj", "{DD28135F-4B8E-4A3B-844D-306D7704F2E7}"
EndProject
Global
	GlobalSection(SolutionConfigurationPlatforms) = preSolution
		Debug|Any CPU = Debug|Any CPU
		Release|Any CPU = Release|Any CPU
	EndGlobalSection
	GlobalSection(ProjectConfigurationPlatforms) = postSolution
		{DD28135F-4B8E-4A3B-844D-306D7704F2E7}.Debug|Any CPU.ActiveCfg = Debug|Any CPU
		{DD28135F-4B8E-4A3B-844D-306D7704F2E7}.Debug|Any CPU.Build.0 = Debug|Any CPU
		{DD28135F-4B8E-4A3B-844D-306D7704F2E7}.Release|Any CPU.ActiveCfg = Release|Any CPU
		{DD28135F-4B8E-4A3B-844D-306D7704F2E7}.Release|Any CPU.Build.0 = Release|Any CPU
	EndGlobalSection
	GlobalSection(SolutionProperties) = preSolution
		HideSolutionNode = FALSE
	EndGlobalSection
	GlobalSection(ExtensibilityGlobals) = postSolution
		SolutionGuid = {F22BE7EC-68D4-4EDE-8F7B-B23A99C2466B}
	EndGlobalSection
EndGlobal
