
Microsoft Visual Studio Solution File, Format Version 12.00
# Visual Studio Version 16
VisualStudioVersion = 16.0.29709.97
MinimumVisualStudioVersion = 10.0.40219.1
Project("{FAE04EC0-301F-11D3-BF4B-00C04F79EFBC}") = "hw6_2", "hw6_2.csproj", "{C8D3A583-6F46-4A9A-879E-4FB2BDC9B148}"
EndProject
Global
	GlobalSection(SolutionConfigurationPlatforms) = preSolution
		Debug|Any CPU = Debug|Any CPU
		Release|Any CPU = Release|Any CPU
	EndGlobalSection
	GlobalSection(ProjectConfigurationPlatforms) = postSolution
		{C8D3A583-6F46-4A9A-879E-4FB2BDC9B148}.Debug|Any CPU.ActiveCfg = Debug|Any CPU
		{C8D3A583-6F46-4A9A-879E-4FB2BDC9B148}.Debug|Any CPU.Build.0 = Debug|Any CPU
		{C8D3A583-6F46-4A9A-879E-4FB2BDC9B148}.Release|Any CPU.ActiveCfg = Release|Any CPU
		{C8D3A583-6F46-4A9A-879E-4FB2BDC9B148}.Release|Any CPU.Build.0 = Release|Any CPU
	EndGlobalSection
	GlobalSection(SolutionProperties) = preSolution
		HideSolutionNode = FALSE
	EndGlobalSection
	GlobalSection(ExtensibilityGlobals) = postSolution
		SolutionGuid = {310068E8-77EF-42EB-BAFB-4207144E70EA}
	EndGlobalSection
EndGlobal
